
Microsoft Visual Studio Solution File, Format Version 12.00
# Visual Studio Express 2012 for Windows Desktop
Project("{FAE04EC0-301F-11D3-BF4B-00C04F79EFBC}") = "Hospital_Management_System_(Project)", "Hospital_Management_System_(Project)\Hospital_Management_System_(Project).csproj", "{EDE69CDE-CDCD-4AD0-B467-61560566B14B}"
EndProject
Global
	GlobalSection(SolutionConfigurationPlatforms) = preSolution
		Debug|Any CPU = Debug|Any CPU
		Release|Any CPU = Release|Any CPU
	EndGlobalSection
	GlobalSection(ProjectConfigurationPlatforms) = postSolution
		{EDE69CDE-CDCD-4AD0-B467-61560566B14B}.Debug|Any CPU.ActiveCfg = Debug|Any CPU
		{EDE69CDE-CDCD-4AD0-B467-61560566B14B}.Debug|Any CPU.Build.0 = Debug|Any CPU
		{EDE69CDE-CDCD-4AD0-B467-61560566B14B}.Release|Any CPU.ActiveCfg = Release|Any CPU
		{EDE69CDE-CDCD-4AD0-B467-61560566B14B}.Release|Any CPU.Build.0 = Release|Any CPU
	EndGlobalSection
	GlobalSection(SolutionProperties) = preSolution
		HideSolutionNode = FALSE
	EndGlobalSection
EndGlobal
